// !$*UTF8*$!
{
	archiveVersion = 1;
	classes = {
	};
	objectVersion = 56;
	objects = {

/* Begin PBXBuildFile section */
		24C119312A497FBA0079F210 /* AppDelegate.swift in Sources */ = {isa = PBXBuildFile; fileRef = 24C119302A497FBA0079F210 /* AppDelegate.swift */; };
		24C119332A497FBA0079F210 /* SceneDelegate.swift in Sources */ = {isa = PBXBuildFile; fileRef = 24C119322A497FBA0079F210 /* SceneDelegate.swift */; };
		24C119482A4992220079F210 /* HabitsStore.swift in Sources */ = {isa = PBXBuildFile; fileRef = 24C119472A4992220079F210 /* HabitsStore.swift */; };
		24C119502A49CED80079F210 /* InfoViewController.swift in Sources */ = {isa = PBXBuildFile; fileRef = 24C1194F2A49CED80079F210 /* InfoViewController.swift */; };
		24C119522A49CF760079F210 /* HabitsViewController.swift in Sources */ = {isa = PBXBuildFile; fileRef = 24C119512A49CF760079F210 /* HabitsViewController.swift */; };
		24C119572A4AF1D30079F210 /* LaunchScreen.storyboard in Resources */ = {isa = PBXBuildFile; fileRef = 24C119552A4AF1D30079F210 /* LaunchScreen.storyboard */; };
		24C119592A4AF22D0079F210 /* Assets.xcassets in Resources */ = {isa = PBXBuildFile; fileRef = 24C119582A4AF22D0079F210 /* Assets.xcassets */; };
		24C1195B2A4AF4A90079F210 /* ColorExtension.swift in Sources */ = {isa = PBXBuildFile; fileRef = 24C1195A2A4AF4A90079F210 /* ColorExtension.swift */; };
		24C1195D2A4AFB3D0079F210 /* HabitViewController.swift in Sources */ = {isa = PBXBuildFile; fileRef = 24C1195C2A4AFB3D0079F210 /* HabitViewController.swift */; };
		24C1195F2A4B12180079F210 /* Info.swift in Sources */ = {isa = PBXBuildFile; fileRef = 24C1195E2A4B12180079F210 /* Info.swift */; };
		24C119622A4EF2C80079F210 /* ProgressCollectionViewCell.swift in Sources */ = {isa = PBXBuildFile; fileRef = 24C119612A4EF2C80079F210 /* ProgressCollectionViewCell.swift */; };
		24C119642A4F00D80079F210 /* HabitCollectionViewCell.swift in Sources */ = {isa = PBXBuildFile; fileRef = 24C119632A4F00D80079F210 /* HabitCollectionViewCell.swift */; };
		24C119682A5412340079F210 /* HabitDetailsViewController.swift in Sources */ = {isa = PBXBuildFile; fileRef = 24C119672A5412340079F210 /* HabitDetailsViewController.swift */; };
/* End PBXBuildFile section */

/* Begin PBXFileReference section */
		24C1192D2A497FBA0079F210 /* MyHabits.app */ = {isa = PBXFileReference; explicitFileType = wrapper.application; includeInIndex = 0; path = MyHabits.app; sourceTree = BUILT_PRODUCTS_DIR; };
		24C119302A497FBA0079F210 /* AppDelegate.swift */ = {isa = PBXFileReference; lastKnownFileType = sourcecode.swift; path = AppDelegate.swift; sourceTree = "<group>"; };
		24C119322A497FBA0079F210 /* SceneDelegate.swift */ = {isa = PBXFileReference; lastKnownFileType = sourcecode.swift; path = SceneDelegate.swift; sourceTree = "<group>"; };
		24C1193E2A497FBE0079F210 /* Info.plist */ = {isa = PBXFileReference; lastKnownFileType = text.plist.xml; path = Info.plist; sourceTree = "<group>"; };
		24C119472A4992220079F210 /* HabitsStore.swift */ = {isa = PBXFileReference; lastKnownFileType = sourcecode.swift; path = HabitsStore.swift; sourceTree = "<group>"; };
		24C1194F2A49CED80079F210 /* InfoViewController.swift */ = {isa = PBXFileReference; lastKnownFileType = sourcecode.swift; path = InfoViewController.swift; sourceTree = "<group>"; };
		24C119512A49CF760079F210 /* HabitsViewController.swift */ = {isa = PBXFileReference; lastKnownFileType = sourcecode.swift; path = HabitsViewController.swift; sourceTree = "<group>"; };
		24C119562A4AF1D30079F210 /* Base */ = {isa = PBXFileReference; lastKnownFileType = file.storyboard; name = Base; path = ../../Navigation/Navigation/Base.lproj/LaunchScreen.storyboard; sourceTree = "<group>"; };
		24C119582A4AF22D0079F210 /* Assets.xcassets */ = {isa = PBXFileReference; lastKnownFileType = folder.assetcatalog; name = Assets.xcassets; path = ../../../../../.Trash/Assets.xcassets; sourceTree = "<group>"; };
		24C1195A2A4AF4A90079F210 /* ColorExtension.swift */ = {isa = PBXFileReference; lastKnownFileType = sourcecode.swift; path = ColorExtension.swift; sourceTree = "<group>"; };
		24C1195C2A4AFB3D0079F210 /* HabitViewController.swift */ = {isa = PBXFileReference; lastKnownFileType = sourcecode.swift; path = HabitViewController.swift; sourceTree = "<group>"; };
		24C1195E2A4B12180079F210 /* Info.swift */ = {isa = PBXFileReference; lastKnownFileType = sourcecode.swift; path = Info.swift; sourceTree = "<group>"; };
		24C119612A4EF2C80079F210 /* ProgressCollectionViewCell.swift */ = {isa = PBXFileReference; lastKnownFileType = sourcecode.swift; path = ProgressCollectionViewCell.swift; sourceTree = "<group>"; };
		24C119632A4F00D80079F210 /* HabitCollectionViewCell.swift */ = {isa = PBXFileReference; lastKnownFileType = sourcecode.swift; path = HabitCollectionViewCell.swift; sourceTree = "<group>"; };
		24C119672A5412340079F210 /* HabitDetailsViewController.swift */ = {isa = PBXFileReference; lastKnownFileType = sourcecode.swift; path = HabitDetailsViewController.swift; sourceTree = "<group>"; };
/* End PBXFileReference section */

/* Begin PBXFrameworksBuildPhase section */
		24C1192A2A497FBA0079F210 /* Frameworks */ = {
			isa = PBXFrameworksBuildPhase;
			buildActionMask = 2147483647;
			files = (
			);
			runOnlyForDeploymentPostprocessing = 0;
		};
/* End PBXFrameworksBuildPhase section */

/* Begin PBXGroup section */
		24C119242A497FBA0079F210 = {
			isa = PBXGroup;
			children = (
				24C1192F2A497FBA0079F210 /* MyHabits */,
				24C1192E2A497FBA0079F210 /* Products */,
			);
			sourceTree = "<group>";
		};
		24C1192E2A497FBA0079F210 /* Products */ = {
			isa = PBXGroup;
			children = (
				24C1192D2A497FBA0079F210 /* MyHabits.app */,
			);
			name = Products;
			sourceTree = "<group>";
		};
		24C1192F2A497FBA0079F210 /* MyHabits */ = {
			isa = PBXGroup;
			children = (
				24C119492A49CD1A0079F210 /* Resourses */,
				24C1194E2A49CEB10079F210 /* Controllers */,
				24C1194D2A49CD670079F210 /* Source */,
				24C119552A4AF1D30079F210 /* LaunchScreen.storyboard */,
				24C119582A4AF22D0079F210 /* Assets.xcassets */,
				24C1193E2A497FBE0079F210 /* Info.plist */,
			);
			path = MyHabits;
			sourceTree = "<group>";
		};
		24C119492A49CD1A0079F210 /* Resourses */ = {
			isa = PBXGroup;
			children = (
				24C119302A497FBA0079F210 /* AppDelegate.swift */,
				24C119322A497FBA0079F210 /* SceneDelegate.swift */,
			);
			path = Resourses;
			sourceTree = "<group>";
		};
		24C1194D2A49CD670079F210 /* Source */ = {
			isa = PBXGroup;
			children = (
				24C119472A4992220079F210 /* HabitsStore.swift */,
				24C1195A2A4AF4A90079F210 /* ColorExtension.swift */,
				24C1195E2A4B12180079F210 /* Info.swift */,
			);
			path = Source;
			sourceTree = "<group>";
		};
		24C1194E2A49CEB10079F210 /* Controllers */ = {
			isa = PBXGroup;
			children = (
				24C119602A4EF2980079F210 /* HabitsViewControler */,
				24C1194F2A49CED80079F210 /* InfoViewController.swift */,
				24C1195C2A4AFB3D0079F210 /* HabitViewController.swift */,
				24C119672A5412340079F210 /* HabitDetailsViewController.swift */,
			);
			path = Controllers;
			sourceTree = "<group>";
		};
		24C119602A4EF2980079F210 /* HabitsViewControler */ = {
			isa = PBXGroup;
			children = (
				24C119512A49CF760079F210 /* HabitsViewController.swift */,
				24C119612A4EF2C80079F210 /* ProgressCollectionViewCell.swift */,
				24C119632A4F00D80079F210 /* HabitCollectionViewCell.swift */,
			);
			path = HabitsViewControler;
			sourceTree = "<group>";
		};
/* End PBXGroup section */

/* Begin PBXNativeTarget section */
		24C1192C2A497FBA0079F210 /* MyHabits */ = {
			isa = PBXNativeTarget;
			buildConfigurationList = 24C119412A497FBE0079F210 /* Build configuration list for PBXNativeTarget "MyHabits" */;
			buildPhases = (
				24C119292A497FBA0079F210 /* Sources */,
				24C1192A2A497FBA0079F210 /* Frameworks */,
				24C1192B2A497FBA0079F210 /* Resources */,
			);
			buildRules = (
			);
			dependencies = (
			);
			name = MyHabits;
			productName = MyHabits;
			productReference = 24C1192D2A497FBA0079F210 /* MyHabits.app */;
			productType = "com.apple.product-type.application";
		};
/* End PBXNativeTarget section */

/* Begin PBXProject section */
		24C119252A497FBA0079F210 /* Project object */ = {
			isa = PBXProject;
			attributes = {
				BuildIndependentTargetsInParallel = 1;
				LastSwiftUpdateCheck = 1420;
				LastUpgradeCheck = 1420;
				TargetAttributes = {
					24C1192C2A497FBA0079F210 = {
						CreatedOnToolsVersion = 14.2;
					};
				};
			};
			buildConfigurationList = 24C119282A497FBA0079F210 /* Build configuration list for PBXProject "MyHabits" */;
			compatibilityVersion = "Xcode 14.0";
			developmentRegion = en;
			hasScannedForEncodings = 0;
			knownRegions = (
				en,
				Base,
			);
			mainGroup = 24C119242A497FBA0079F210;
			productRefGroup = 24C1192E2A497FBA0079F210 /* Products */;
			projectDirPath = "";
			projectRoot = "";
			targets = (
				24C1192C2A497FBA0079F210 /* MyHabits */,
			);
		};
/* End PBXProject section */

/* Begin PBXResourcesBuildPhase section */
		24C1192B2A497FBA0079F210 /* Resources */ = {
			isa = PBXResourcesBuildPhase;
			buildActionMask = 2147483647;
			files = (
				24C119592A4AF22D0079F210 /* Assets.xcassets in Resources */,
				24C119572A4AF1D30079F210 /* LaunchScreen.storyboard in Resources */,
			);
			runOnlyForDeploymentPostprocessing = 0;
		};
/* End PBXResourcesBuildPhase section */

/* Begin PBXSourcesBuildPhase section */
		24C119292A497FBA0079F210 /* Sources */ = {
			isa = PBXSourcesBuildPhase;
			buildActionMask = 2147483647;
			files = (
				24C119482A4992220079F210 /* HabitsStore.swift in Sources */,
				24C1195F2A4B12180079F210 /* Info.swift in Sources */,
				24C119312A497FBA0079F210 /* AppDelegate.swift in Sources */,
				24C1195D2A4AFB3D0079F210 /* HabitViewController.swift in Sources */,
				24C119682A5412340079F210 /* HabitDetailsViewController.swift in Sources */,
				24C119332A497FBA0079F210 /* SceneDelegate.swift in Sources */,
				24C119622A4EF2C80079F210 /* ProgressCollectionViewCell.swift in Sources */,
				24C1195B2A4AF4A90079F210 /* ColorExtension.swift in Sources */,
				24C119522A49CF760079F210 /* HabitsViewController.swift in Sources */,
				24C119502A49CED80079F210 /* InfoViewController.swift in Sources */,
				24C119642A4F00D80079F210 /* HabitCollectionViewCell.swift in Sources */,
			);
			runOnlyForDeploymentPostprocessing = 0;
		};
/* End PBXSourcesBuildPhase section */

/* Begin PBXVariantGroup section */
		24C119552A4AF1D30079F210 /* LaunchScreen.storyboard */ = {
			isa = PBXVariantGroup;
			children = (
				24C119562A4AF1D30079F210 /* Base */,
			);
			name = LaunchScreen.storyboard;
			sourceTree = "<group>";
		};
/* End PBXVariantGroup section */

/* Begin XCBuildConfiguration section */
		24C1193F2A497FBE0079F210 /* Debug */ = {
			isa = XCBuildConfiguration;
			buildSettings = {
				ALWAYS_SEARCH_USER_PATHS = NO;
				CLANG_ANALYZER_NONNULL = YES;
				CLANG_ANALYZER_NUMBER_OBJECT_CONVERSION = YES_AGGRESSIVE;
				CLANG_CXX_LANGUAGE_STANDARD = "gnu++20";
				CLANG_ENABLE_MODULES = YES;
				CLANG_ENABLE_OBJC_ARC = YES;
				CLANG_ENABLE_OBJC_WEAK = YES;
				CLANG_WARN_BLOCK_CAPTURE_AUTORELEASING = YES;
				CLANG_WARN_BOOL_CONVERSION = YES;
				CLANG_WARN_COMMA = YES;
				CLANG_WARN_CONSTANT_CONVERSION = YES;
				CLANG_WARN_DEPRECATED_OBJC_IMPLEMENTATIONS = YES;
				CLANG_WARN_DIRECT_OBJC_ISA_USAGE = YES_ERROR;
				CLANG_WARN_DOCUMENTATION_COMMENTS = YES;
				CLANG_WARN_EMPTY_BODY = YES;
				CLANG_WARN_ENUM_CONVERSION = YES;
				CLANG_WARN_INFINITE_RECURSION = YES;
				CLANG_WARN_INT_CONVERSION = YES;
				CLANG_WARN_NON_LITERAL_NULL_CONVERSION = YES;
				CLANG_WARN_OBJC_IMPLICIT_RETAIN_SELF = YES;
				CLANG_WARN_OBJC_LITERAL_CONVERSION = YES;
				CLANG_WARN_OBJC_ROOT_CLASS = YES_ERROR;
				CLANG_WARN_QUOTED_INCLUDE_IN_FRAMEWORK_HEADER = YES;
				CLANG_WARN_RANGE_LOOP_ANALYSIS = YES;
				CLANG_WARN_STRICT_PROTOTYPES = YES;
				CLANG_WARN_SUSPICIOUS_MOVE = YES;
				CLANG_WARN_UNGUARDED_AVAILABILITY = YES_AGGRESSIVE;
				CLANG_WARN_UNREACHABLE_CODE = YES;
				CLANG_WARN__DUPLICATE_METHOD_MATCH = YES;
				COPY_PHASE_STRIP = NO;
				DEBUG_INFORMATION_FORMAT = dwarf;
				ENABLE_STRICT_OBJC_MSGSEND = YES;
				ENABLE_TESTABILITY = YES;
				GCC_C_LANGUAGE_STANDARD = gnu11;
				GCC_DYNAMIC_NO_PIC = NO;
				GCC_NO_COMMON_BLOCKS = YES;
				GCC_OPTIMIZATION_LEVEL = 0;
				GCC_PREPROCESSOR_DEFINITIONS = (
					"DEBUG=1",
					"$(inherited)",
				);
				GCC_WARN_64_TO_32_BIT_CONVERSION = YES;
				GCC_WARN_ABOUT_RETURN_TYPE = YES_ERROR;
				GCC_WARN_UNDECLARED_SELECTOR = YES;
				GCC_WARN_UNINITIALIZED_AUTOS = YES_AGGRESSIVE;
				GCC_WARN_UNUSED_FUNCTION = YES;
				GCC_WARN_UNUSED_VARIABLE = YES;
				IPHONEOS_DEPLOYMENT_TARGET = 16.2;
				MTL_ENABLE_DEBUG_INFO = INCLUDE_SOURCE;
				MTL_FAST_MATH = YES;
				ONLY_ACTIVE_ARCH = YES;
				SDKROOT = iphoneos;
				SWIFT_ACTIVE_COMPILATION_CONDITIONS = DEBUG;
				SWIFT_OPTIMIZATION_LEVEL = "-Onone";
			};
			name = Debug;
		};
		24C119402A497FBE0079F210 /* Release */ = {
			isa = XCBuildConfiguration;
			buildSettings = {
				ALWAYS_SEARCH_USER_PATHS = NO;
				CLANG_ANALYZER_NONNULL = YES;
				CLANG_ANALYZER_NUMBER_OBJECT_CONVERSION = YES_AGGRESSIVE;
				CLANG_CXX_LANGUAGE_STANDARD = "gnu++20";
				CLANG_ENABLE_MODULES = YES;
				CLANG_ENABLE_OBJC_ARC = YES;
				CLANG_ENABLE_OBJC_WEAK = YES;
				CLANG_WARN_BLOCK_CAPTURE_AUTORELEASING = YES;
				CLANG_WARN_BOOL_CONVERSION = YES;
				CLANG_WARN_COMMA = YES;
				CLANG_WARN_CONSTANT_CONVERSION = YES;
				CLANG_WARN_DEPRECATED_OBJC_IMPLEMENTATIONS = YES;
				CLANG_WARN_DIRECT_OBJC_ISA_USAGE = YES_ERROR;
				CLANG_WARN_DOCUMENTATION_COMMENTS = YES;
				CLANG_WARN_EMPTY_BODY = YES;
				CLANG_WARN_ENUM_CONVERSION = YES;
				CLANG_WARN_INFINITE_RECURSION = YES;
				CLANG_WARN_INT_CONVERSION = YES;
				CLANG_WARN_NON_LITERAL_NULL_CONVERSION = YES;
				CLANG_WARN_OBJC_IMPLICIT_RETAIN_SELF = YES;
				CLANG_WARN_OBJC_LITERAL_CONVERSION = YES;
				CLANG_WARN_OBJC_ROOT_CLASS = YES_ERROR;
				CLANG_WARN_QUOTED_INCLUDE_IN_FRAMEWORK_HEADER = YES;
				CLANG_WARN_RANGE_LOOP_ANALYSIS = YES;
				CLANG_WARN_STRICT_PROTOTYPES = YES;
				CLANG_WARN_SUSPICIOUS_MOVE = YES;
				CLANG_WARN_UNGUARDED_AVAILABILITY = YES_AGGRESSIVE;
				CLANG_WARN_UNREACHABLE_CODE = YES;
				CLANG_WARN__DUPLICATE_METHOD_MATCH = YES;
				COPY_PHASE_STRIP = NO;
				DEBUG_INFORMATION_FORMAT = "dwarf-with-dsym";
				ENABLE_NS_ASSERTIONS = NO;
				ENABLE_STRICT_OBJC_MSGSEND = YES;
				GCC_C_LANGUAGE_STANDARD = gnu11;
				GCC_NO_COMMON_BLOCKS = YES;
				GCC_WARN_64_TO_32_BIT_CONVERSION = YES;
				GCC_WARN_ABOUT_RETURN_TYPE = YES_ERROR;
				GCC_WARN_UNDECLARED_SELECTOR = YES;
				GCC_WARN_UNINITIALIZED_AUTOS = YES_AGGRESSIVE;
				GCC_WARN_UNUSED_FUNCTION = YES;
				GCC_WARN_UNUSED_VARIABLE = YES;
				IPHONEOS_DEPLOYMENT_TARGET = 16.2;
				MTL_ENABLE_DEBUG_INFO = NO;
				MTL_FAST_MATH = YES;
				SDKROOT = iphoneos;
				SWIFT_COMPILATION_MODE = wholemodule;
				SWIFT_OPTIMIZATION_LEVEL = "-O";
				VALIDATE_PRODUCT = YES;
			};
			name = Release;
		};
		24C119422A497FBE0079F210 /* Debug */ = {
			isa = XCBuildConfiguration;
			buildSettings = {
				ASSETCATALOG_COMPILER_APPICON_NAME = AppIcon;
				ASSETCATALOG_COMPILER_GLOBAL_ACCENT_COLOR_NAME = AccentColor;
				CODE_SIGN_STYLE = Automatic;
				CURRENT_PROJECT_VERSION = 1;
				GENERATE_INFOPLIST_FILE = YES;
				INFOPLIST_FILE = MyHabits/Info.plist;
				INFOPLIST_KEY_UIApplicationSupportsIndirectInputEvents = YES;
				INFOPLIST_KEY_UILaunchStoryboardName = LaunchScreen;
				INFOPLIST_KEY_UISupportedInterfaceOrientations_iPad = "UIInterfaceOrientationPortrait UIInterfaceOrientationPortraitUpsideDown UIInterfaceOrientationLandscapeLeft UIInterfaceOrientationLandscapeRight";
				INFOPLIST_KEY_UISupportedInterfaceOrientations_iPhone = "UIInterfaceOrientationPortrait UIInterfaceOrientationLandscapeLeft UIInterfaceOrientationLandscapeRight";
				LD_RUNPATH_SEARCH_PATHS = (
					"$(inherited)",
					"@executable_path/Frameworks",
				);
				MARKETING_VERSION = 1.0;
				PRODUCT_BUNDLE_IDENTIFIER = Team.MyHabits;
				PRODUCT_NAME = "$(TARGET_NAME)";
				SUPPORTED_PLATFORMS = "iphoneos iphonesimulator";
				SUPPORTS_MACCATALYST = NO;
				SUPPORTS_MAC_DESIGNED_FOR_IPHONE_IPAD = NO;
				SWIFT_EMIT_LOC_STRINGS = YES;
				SWIFT_VERSION = 5.0;
				TARGETED_DEVICE_FAMILY = "1,2";
			};
			name = Debug;
		};
		24C119432A497FBE0079F210 /* Release */ = {
			isa = XCBuildConfiguration;
			buildSettings = {
				ASSETCATALOG_COMPILER_APPICON_NAME = AppIcon;
				ASSETCATALOG_COMPILER_GLOBAL_ACCENT_COLOR_NAME = AccentColor;
				CODE_SIGN_STYLE = Automatic;
				CURRENT_PROJECT_VERSION = 1;
				GENERATE_INFOPLIST_FILE = YES;
				INFOPLIST_FILE = MyHabits/Info.plist;
				INFOPLIST_KEY_UIApplicationSupportsIndirectInputEvents = YES;
				INFOPLIST_KEY_UILaunchStoryboardName = LaunchScreen;
				INFOPLIST_KEY_UISupportedInterfaceOrientations_iPad = "UIInterfaceOrientationPortrait UIInterfaceOrientationPortraitUpsideDown UIInterfaceOrientationLandscapeLeft UIInterfaceOrientationLandscapeRight";
				INFOPLIST_KEY_UISupportedInterfaceOrientations_iPhone = "UIInterfaceOrientationPortrait UIInterfaceOrientationLandscapeLeft UIInterfaceOrientationLandscapeRight";
				LD_RUNPATH_SEARCH_PATHS = (
					"$(inherited)",
					"@executable_path/Frameworks",
				);
				MARKETING_VERSION = 1.0;
				PRODUCT_BUNDLE_IDENTIFIER = Team.MyHabits;
				PRODUCT_NAME = "$(TARGET_NAME)";
				SUPPORTED_PLATFORMS = "iphoneos iphonesimulator";
				SUPPORTS_MACCATALYST = NO;
				SUPPORTS_MAC_DESIGNED_FOR_IPHONE_IPAD = NO;
				SWIFT_EMIT_LOC_STRINGS = YES;
				SWIFT_VERSION = 5.0;
				TARGETED_DEVICE_FAMILY = "1,2";
			};
			name = Release;
		};
/* End XCBuildConfiguration section */

/* Begin XCConfigurationList section */
		24C119282A497FBA0079F210 /* Build configuration list for PBXProject "MyHabits" */ = {
			isa = XCConfigurationList;
			buildConfigurations = (
				24C1193F2A497FBE0079F210 /* Debug */,
				24C119402A497FBE0079F210 /* Release */,
			);
			defaultConfigurationIsVisible = 0;
			defaultConfigurationName = Release;
		};
		24C119412A497FBE0079F210 /* Build configuration list for PBXNativeTarget "MyHabits" */ = {
			isa = XCConfigurationList;
			buildConfigurations = (
				24C119422A497FBE0079F210 /* Debug */,
				24C119432A497FBE0079F210 /* Release */,
			);
			defaultConfigurationIsVisible = 0;
			defaultConfigurationName = Release;
		};
/* End XCConfigurationList section */
	};
	rootObject = 24C119252A497FBA0079F210 /* Project object */;
}
